
Microsoft Visual Studio Solution File, Format Version 12.00
# Visual Studio Version 16
VisualStudioVersion = 16.0.31624.102
MinimumVisualStudioVersion = 10.0.40219.1
Project("{FAE04EC0-301F-11D3-BF4B-00C04F79EFBC}") = "UserDB", "UserDB\UserDB.csproj", "{F3ED017B-52BD-45BB-BA35-B0A956B92BCA}"
EndProject
Global
	GlobalSection(SolutionConfigurationPlatforms) = preSolution
		Debug|Any CPU = Debug|Any CPU
		Release|Any CPU = Release|Any CPU
	EndGlobalSection
	GlobalSection(ProjectConfigurationPlatforms) = postSolution
		{F3ED017B-52BD-45BB-BA35-B0A956B92BCA}.Debug|Any CPU.ActiveCfg = Debug|Any CPU
		{F3ED017B-52BD-45BB-BA35-B0A956B92BCA}.Debug|Any CPU.Build.0 = Debug|Any CPU
		{F3ED017B-52BD-45BB-BA35-B0A956B92BCA}.Release|Any CPU.ActiveCfg = Release|Any CPU
		{F3ED017B-52BD-45BB-BA35-B0A956B92BCA}.Release|Any CPU.Build.0 = Release|Any CPU
	EndGlobalSection
	GlobalSection(SolutionProperties) = preSolution
		HideSolutionNode = FALSE
	EndGlobalSection
	GlobalSection(ExtensibilityGlobals) = postSolution
		SolutionGuid = {C24B6557-DE0A-4126-AA2A-E1529FF68536}
	EndGlobalSection
EndGlobal
